DATASET_REPO=lerobot/high_quality_folding
DATASET_REVISION=c9eb858d4b84e520edecbda84a3534c3c1e78436
DATASET_CODEBASE_VERSION=v3.0
LEROBOT_VERSION=v0.6.1
LEROBOT_COMMIT=7e241bd630a3719a56157a497ce5d08f244784f1
OPENARM_CAN_VERSION=1.3.4
OPENARM_CAN_COMMIT=a30364622ca939b8c8a741167c317b3e95e38a49
JETSON_L4T=36.4.4
JETSON_CUDA=12.6
DATASET_FPS=30
TRAINING_CAMERA_PROFILE=base_only
TRAINING_CAMERA_KEY=observation.images.base
ACT_TRAINING_STEPS=100000
